
Microsoft Visual Studio Solution File, Format Version 12.00
# Visual Studio Version 17
VisualStudioVersion = 17.6.33815.320
MinimumVisualStudioVersion = 10.0.40219.1
Project("{9A19103F-16F7-4668-BE54-9A1E7A4F7556}") = "Hotel_Core_MVC_V1", "Hotel_Core_MVC_V1.csproj", "{B96756D8-DD3B-4A04-A912-8A14E728CD8F}"
EndProject
Project("{FAE04EC0-301F-11D3-BF4B-00C04F79EFBC}") = "HotelReports", "..\HotelReports\HotelReports.csproj", "{2655ED74-AB76-46C6-B96B-7EBDA7F539B2}"
EndProject
Global
	GlobalSection(SolutionConfigurationPlatforms) = preSolution
		Debug|Any CPU = Debug|Any CPU
		Release|Any CPU = Release|Any CPU
	EndGlobalSection
	GlobalSection(ProjectConfigurationPlatforms) = postSolution
		{B96756D8-DD3B-4A04-A912-8A14E728CD8F}.Debug|Any CPU.ActiveCfg = Debug|Any CPU
		{B96756D8-DD3B-4A04-A912-8A14E728CD8F}.Debug|Any CPU.Build.0 = Debug|Any CPU
		{B96756D8-DD3B-4A04-A912-8A14E728CD8F}.Release|Any CPU.ActiveCfg = Release|Any CPU
		{B96756D8-DD3B-4A04-A912-8A14E728CD8F}.Release|Any CPU.Build.0 = Release|Any CPU
		{2655ED74-AB76-46C6-B96B-7EBDA7F539B2}.Debug|Any CPU.ActiveCfg = Debug|Any CPU
		{2655ED74-AB76-46C6-B96B-7EBDA7F539B2}.Debug|Any CPU.Build.0 = Debug|Any CPU
		{2655ED74-AB76-46C6-B96B-7EBDA7F539B2}.Release|Any CPU.ActiveCfg = Release|Any CPU
		{2655ED74-AB76-46C6-B96B-7EBDA7F539B2}.Release|Any CPU.Build.0 = Release|Any CPU
	EndGlobalSection
	GlobalSection(SolutionProperties) = preSolution
		HideSolutionNode = FALSE
	EndGlobalSection
	GlobalSection(ExtensibilityGlobals) = postSolution
		SolutionGuid = {0DDC2737-9703-4E6D-89DE-76AA22442403}
	EndGlobalSection
EndGlobal
